
Microsoft Visual Studio Solution File, Format Version 12.00
# Visual Studio Version 16
VisualStudioVersion = 16.0.33130.400
MinimumVisualStudioVersion = 10.0.40219.1
Project("{FAE04EC0-301F-11D3-BF4B-00C04F79EFBC}") = "ASLaba1", "ASLaba1\ASLaba1.csproj", "{30F13E7F-9364-448D-981A-426DE65FFE4A}"
EndProject
Global
	GlobalSection(SolutionConfigurationPlatforms) = preSolution
		Debug|Any CPU = Debug|Any CPU
		Release|Any CPU = Release|Any CPU
	EndGlobalSection
	GlobalSection(ProjectConfigurationPlatforms) = postSolution
		{30F13E7F-9364-448D-981A-426DE65FFE4A}.Debug|Any CPU.ActiveCfg = Debug|Any CPU
		{30F13E7F-9364-448D-981A-426DE65FFE4A}.Debug|Any CPU.Build.0 = Debug|Any CPU
		{30F13E7F-9364-448D-981A-426DE65FFE4A}.Release|Any CPU.ActiveCfg = Release|Any CPU
		{30F13E7F-9364-448D-981A-426DE65FFE4A}.Release|Any CPU.Build.0 = Release|Any CPU
	EndGlobalSection
	GlobalSection(SolutionProperties) = preSolution
		HideSolutionNode = FALSE
	EndGlobalSection
	GlobalSection(ExtensibilityGlobals) = postSolution
		SolutionGuid = {99E42196-6297-46EF-B17A-B159FD841043}
	EndGlobalSection
EndGlobal
